
Microsoft Visual Studio Solution File, Format Version 12.00
# Visual Studio Version 16
VisualStudioVersion = 16.0.31729.503
MinimumVisualStudioVersion = 10.0.40219.1
Project("{FAE04EC0-301F-11D3-BF4B-00C04F79EFBC}") = "PrintTool", "PrintTool\PrintTool.csproj", "{F6C6DF26-D32C-4518-965C-47C28345B3E6}"
EndProject
Project("{FAE04EC0-301F-11D3-BF4B-00C04F79EFBC}") = "WordPrintTool", "WordPrintTool\WordPrintTool.csproj", "{686DB379-3781-4964-B0FF-F9D98C7DEEC8}"
EndProject
Global
	GlobalSection(SolutionConfigurationPlatforms) = preSolution
		Debug|Any CPU = Debug|Any CPU
		Release|Any CPU = Release|Any CPU
	EndGlobalSection
	GlobalSection(ProjectConfigurationPlatforms) = postSolution
		{F6C6DF26-D32C-4518-965C-47C28345B3E6}.Debug|Any CPU.ActiveCfg = Debug|Any CPU
		{F6C6DF26-D32C-4518-965C-47C28345B3E6}.Debug|Any CPU.Build.0 = Debug|Any CPU
		{F6C6DF26-D32C-4518-965C-47C28345B3E6}.Release|Any CPU.ActiveCfg = Release|Any CPU
		{F6C6DF26-D32C-4518-965C-47C28345B3E6}.Release|Any CPU.Build.0 = Release|Any CPU
		{686DB379-3781-4964-B0FF-F9D98C7DEEC8}.Debug|Any CPU.ActiveCfg = Debug|Any CPU
		{686DB379-3781-4964-B0FF-F9D98C7DEEC8}.Debug|Any CPU.Build.0 = Debug|Any CPU
		{686DB379-3781-4964-B0FF-F9D98C7DEEC8}.Release|Any CPU.ActiveCfg = Release|Any CPU
		{686DB379-3781-4964-B0FF-F9D98C7DEEC8}.Release|Any CPU.Build.0 = Release|Any CPU
	EndGlobalSection
	GlobalSection(SolutionProperties) = preSolution
		HideSolutionNode = FALSE
	EndGlobalSection
	GlobalSection(ExtensibilityGlobals) = postSolution
		SolutionGuid = {80AEDAA0-2955-4E9F-BF98-7D3313A95C3C}
	EndGlobalSection
EndGlobal
